
Microsoft Visual Studio Solution File, Format Version 12.00
# Visual Studio Version 17
VisualStudioVersion = 17.0.32014.148
MinimumVisualStudioVersion = 10.0.40219.1
Project("{FAE04EC0-301F-11D3-BF4B-00C04F79EFBC}") = "ObjekterOgKlasser", "ObjekterOgKlasser\ObjekterOgKlasser.csproj", "{A45EB886-1BD4-4C27-86D3-F8E3650BE7EE}"
EndProject
Global
	GlobalSection(SolutionConfigurationPlatforms) = preSolution
		Debug|Any CPU = Debug|Any CPU
		Release|Any CPU = Release|Any CPU
	EndGlobalSection
	GlobalSection(ProjectConfigurationPlatforms) = postSolution
		{A45EB886-1BD4-4C27-86D3-F8E3650BE7EE}.Debug|Any CPU.ActiveCfg = Debug|Any CPU
		{A45EB886-1BD4-4C27-86D3-F8E3650BE7EE}.Debug|Any CPU.Build.0 = Debug|Any CPU
		{A45EB886-1BD4-4C27-86D3-F8E3650BE7EE}.Release|Any CPU.ActiveCfg = Release|Any CPU
		{A45EB886-1BD4-4C27-86D3-F8E3650BE7EE}.Release|Any CPU.Build.0 = Release|Any CPU
	EndGlobalSection
	GlobalSection(SolutionProperties) = preSolution
		HideSolutionNode = FALSE
	EndGlobalSection
	GlobalSection(ExtensibilityGlobals) = postSolution
		SolutionGuid = {6D9DAA78-DC7A-4454-9E3D-C695883A4CE9}
	EndGlobalSection
EndGlobal
